# This file is automatically @generated by Cargo.
# It is not intended for manual editing.
version = 4

[[package]]
name = "base64"
version = "0.23.0"
source = "registry+https://github.com/rust-lang/crates.io-index"
checksum = "b25655df2c3cdd83c5e5b293b88acd880332b2ddadd7c30ac43144fdc0033da9"

[[package]]
name = "guiltty"
version = "0.0.0"
dependencies = [
 "guiltty-core",
 "guiltty-kitty",
]

[[package]]
name = "guiltty-core"
version = "0.0.0"

[[package]]
name = "guiltty-examples"
version = "0.0.0"
dependencies = [
 "guiltty",
]

[[package]]
name = "guiltty-kitty"
version = "0.0.0"
dependencies = [
 "base64",
 "guiltty-core",
]
