# This file is automatically @generated by Cargo.
# It is not intended for manual editing.
version = 4

[[package]]
name = "guiltty"
version = "0.0.0"
dependencies = [
 "guiltty-core",
 "guiltty-kitty",
]

[[package]]
name = "guiltty-core"
version = "0.0.0"

[[package]]
name = "guiltty-examples"
version = "0.0.0"
dependencies = [
 "guiltty",
]

[[package]]
name = "guiltty-kitty"
version = "0.0.0"
dependencies = [
 "guiltty-core",
]
